{
  "name": "@vib795/agent-memory",
  "version": "0.6.0",
  "lockfileVersion": 3,
  "requires": true,
  "packages": {
    "": {
      "name": "@vib795/agent-memory",
      "version": "0.6.0",
      "license": "MIT",
      "bin": {
        "agent-memory": "src/cli.js"
      },
      "engines": {
        "node": ">=22.5.0"
      }
    }
  }
}
